<?xml version="1.0" encoding="utf-8"?>
<Project ToolsVersion="4.0" xmlns="http://schemas.microsoft.com/developer/msbuild/2003">
  <ItemGroup>
    <Filter Include="Source Files">
      <UniqueIdentifier>{4FC737F1-C7A5-4376-A066-2A32D752A2FF}</UniqueIdentifier>
      <Extensions>cpp;c;cc;cxx;def;odl;idl;hpj;bat;asm;asmx</Extensions>
    </Filter>
    <Filter Include="Header Files">
      <UniqueIdentifier>{93995380-89BD-4b04-88EB-625FBE52EBFB}</UniqueIdentifier>
      <Extensions>h;hpp;hxx;hm;inl;inc;xsd</Extensions>
    </Filter>
    <Filter Include="Resource Files">
      <UniqueIdentifier>{67DA6AB6-F800-4c08-8B7A-83BB121AAD01}</UniqueIdentifier>
      <Extensions>rc;ico;cur;bmp;dlg;rc2;rct;bin;rgs;gif;jpg;jpeg;jpe;resx;tiff;tif;png;wav;mfcribbon-ms</Extensions>
    </Filter>
  </ItemGroup>
  <ItemGroup>
    <ClCompile Include="GeometryGenerator.cpp">
      <Filter>Source Files</Filter>
    </ClCompile>
    <ClCompile Include="Camera.cpp">
      <Filter>Source Files</Filter>
    </ClCompile>
    <ClCompile Include="D3DApp.cpp">
      <Filter>Source Files</Filter>
    </ClCompile>
    <ClCompile Include="D3DUtil.cpp">
      <Filter>Source Files</Filter>
    </ClCompile>
    <ClCompile Include="Effects.cpp">
      <Filter>Source Files</Filter>
    </ClCompile>
    <ClCompile Include="LightHelper.cpp">
      <Filter>Source Files</Filter>
    </ClCompile>
    <ClCompile Include="MainApp.cpp">
      <Filter>Source Files</Filter>
    </ClCompile>
    <ClCompile Include="MathHelper.cpp">
      <Filter>Source Files</Filter>
    </ClCompile>
    <ClCompile Include="RenderStates.cpp">
      <Filter>Source Files</Filter>
    </ClCompile>
    <ClCompile Include="SceneTimer.cpp">
      <Filter>Source Files</Filter>
    </ClCompile>
    <ClCompile Include="TextureManager.cpp">
      <Filter>Source Files</Filter>
    </ClCompile>
    <ClCompile Include="Vector2.cpp">
      <Filter>Source Files</Filter>
    </ClCompile>
    <ClCompile Include="Vector3.cpp">
      <Filter>Source Files</Filter>
    </ClCompile>
    <ClCompile Include="Vertex.cpp">
      <Filter>Source Files</Filter>
    </ClCompile>
    <ClCompile Include="AirHockeyTable.cpp">
      <Filter>Source Files</Filter>
    </ClCompile>
    <ClCompile Include="OBB2D.cpp">
      <Filter>Source Files</Filter>
    </ClCompile>
    <ClCompile Include="Puck.cpp">
      <Filter>Source Files</Filter>
    </ClCompile>
    <ClCompile Include="Circle.cpp">
      <Filter>Source Files</Filter>
    </ClCompile>
    <ClCompile Include="Player.cpp">
      <Filter>Source Files</Filter>
    </ClCompile>
    <ClCompile Include="Paddle.cpp">
      <Filter>Source Files</Filter>
    </ClCompile>
    <ClCompile Include="Game.cpp">
      <Filter>Source Files</Filter>
    </ClCompile>
    <ClCompile Include="Network.cpp">
      <Filter>Source Files</Filter>
    </ClCompile>
  </ItemGroup>
  <ItemGroup>
    <ClInclude Include="Camera.h">
      <Filter>Header Files</Filter>
    </ClInclude>
    <ClInclude Include="D3DApp.h">
      <Filter>Header Files</Filter>
    </ClInclude>
    <ClInclude Include="D3DUtil.h">
      <Filter>Header Files</Filter>
    </ClInclude>
    <ClInclude Include="d3dx11Effect.h">
      <Filter>Header Files</Filter>
    </ClInclude>
    <ClInclude Include="Effects.h">
      <Filter>Header Files</Filter>
    </ClInclude>
    <ClInclude Include="Vertex.h">
      <Filter>Header Files</Filter>
    </ClInclude>
    <ClInclude Include="GeometryGenerator.h">
      <Filter>Header Files</Filter>
    </ClInclude>
    <ClInclude Include="LightHelper.h">
      <Filter>Header Files</Filter>
    </ClInclude>
    <ClInclude Include="MathHelper.h">
      <Filter>Header Files</Filter>
    </ClInclude>
    <ClInclude Include="RenderStates.h">
      <Filter>Header Files</Filter>
    </ClInclude>
    <ClInclude Include="SceneTimer.h">
      <Filter>Header Files</Filter>
    </ClInclude>
    <ClInclude Include="StandardIncludes.h">
      <Filter>Header Files</Filter>
    </ClInclude>
    <ClInclude Include="TextureManager.h">
      <Filter>Header Files</Filter>
    </ClInclude>
    <ClInclude Include="Vector2.h">
      <Filter>Header Files</Filter>
    </ClInclude>
    <ClInclude Include="Vector3.h">
      <Filter>Header Files</Filter>
    </ClInclude>
    <ClInclude Include="AirHockeyTable.h">
      <Filter>Header Files</Filter>
    </ClInclude>
    <ClInclude Include="OBB2D.h">
      <Filter>Header Files</Filter>
    </ClInclude>
    <ClInclude Include="Puck.h">
      <Filter>Header Files</Filter>
    </ClInclude>
    <ClInclude Include="Circle.h">
      <Filter>Header Files</Filter>
    </ClInclude>
    <ClInclude Include="Player.h">
      <Filter>Header Files</Filter>
    </ClInclude>
    <ClInclude Include="Paddle.h">
      <Filter>Header Files</Filter>
    </ClInclude>
    <ClInclude Include="Server.h">
      <Filter>Header Files</Filter>
    </ClInclude>
    <ClInclude Include="Defines.h">
      <Filter>Header Files</Filter>
    </ClInclude>
    <ClInclude Include="Game.h">
      <Filter>Header Files</Filter>
    </ClInclude>
    <ClInclude Include="Network.h">
      <Filter>Header Files</Filter>
    </ClInclude>
  </ItemGroup>
  <ItemGroup>
    <None Include="FX\Basic.fx" />
    <None Include="FX\Terrain.fxo" />
    <None Include="FX\Basic.fxo" />
    <None Include="FX\Fire.fx" />
    <None Include="FX\Fire.fxo" />
    <None Include="FX\LightHelper.cod" />
    <None Include="FX\LightHelper.fx" />
    <None Include="FX\LightHelper.fxo" />
    <None Include="FX\Sky.fx" />
    <None Include="FX\Sky.fxo" />
    <None Include="FX\Terrain.fx" />
    <None Include="Textures\blend.dds" />
    <None Include="Textures\Untitled2.raw" />
    <None Include="Textures\bricks.dds" />
    <None Include="Textures\darkdirt.dds" />
    <None Include="Textures\Desert Outter.raw" />
    <None Include="Textures\desertcube1024.dds" />
    <None Include="Textures\flare0.dds" />
    <None Include="Textures\floor.dds" />
    <None Include="Textures\grass.dds" />
    <None Include="Textures\lightdirt.dds" />
    <None Include="Textures\Mohaine Desert 4.raw" />
    <None Include="Textures\Mohaine Desert Outter 1.raw" />
    <None Include="Textures\Mohaine Desert Outter 2.raw" />
    <None Include="Textures\Mohaine Desert Outter 3.raw" />
    <None Include="Textures\Mohaine Desert Outter 5.raw" />
    <None Include="Textures\Mohaine Desert Outter 6.raw" />
    <None Include="Textures\raindrop.dds" />
    <None Include="Textures\snow.dds" />
    <None Include="Textures\stone.dds" />
    <None Include="Textures\Untitled.dds" />
    <None Include="Textures\Untitled1.raw" />
    <None Include="FX\Rain.fx" />
    <None Include="FX\Rain.fxo" />
    <None Include="FX\Blur.fx" />
    <None Include="FX\Blur.fxo" />
  </ItemGroup>
  <ItemGroup>
    <Library Include="Effects11.lib" />
    <Library Include="Effects11d.lib" />
  </ItemGroup>
</Project>