
Microsoft Visual Studio Solution File, Format Version 11.00
# Visual Studio 2010
Project("{8BC9CEB8-8B4A-11D0-8D11-00A0C91BC942}") = "Air Hockey Client", "Air Hockey Client\Air Hockey Client.vcxproj", "{28C9DB78-916E-407E-A19D-BD2B5C436E53}"
EndProject
Global
	GlobalSection(SolutionConfigurationPlatforms) = preSolution
		Debug|Win32 = Debug|Win32
		Release|Win32 = Release|Win32
	EndGlobalSection
	GlobalSection(ProjectConfigurationPlatforms) = postSolution
		{28C9DB78-916E-407E-A19D-BD2B5C436E53}.Debug|Win32.ActiveCfg = Debug|Win32
		{28C9DB78-916E-407E-A19D-BD2B5C436E53}.Debug|Win32.Build.0 = Debug|Win32
		{28C9DB78-916E-407E-A19D-BD2B5C436E53}.Release|Win32.ActiveCfg = Release|Win32
		{28C9DB78-916E-407E-A19D-BD2B5C436E53}.Release|Win32.Build.0 = Release|Win32
	EndGlobalSection
	GlobalSection(SolutionProperties) = preSolution
		HideSolutionNode = FALSE
	EndGlobalSection
EndGlobal
